{
  "version": 2,
  "dependencies": {
    "net11.0": {
      "Azure.Monitor.OpenTelemetry.AspNetCore": {
        "type": "Direct",
        "requested": "[1.6.0, )",
        "resolved": "1.6.0",
        "contentHash": "9H0JgEl5yVdpOz+GqPBL5Qtfw0k/gAQ9iD8L+W9ucrxwMG/CMwdAg4mWdLWKUvW56iDCQ8PAHVVCxC4Hg5l1AA==",
        "dependencies": {
          "Azure.Core": "1.60.0",
          "Azure.Monitor.OpenTelemetry.Exporter": "1.8.3",
          "OpenTelemetry.Extensions.Hosting": "1.15.3",
          "OpenTelemetry.Instrumentation.AspNetCore": "1.15.2",
          "OpenTelemetry.Instrumentation.Http": "1.15.1"
        }
      },
      "Microsoft.AspNetCore.OpenApi": {
        "type": "Direct",
        "requested": "[11.0.0-rc.1.26425.128, )",
        "resolved": "11.0.0-rc.1.26425.128",
        "contentHash": "Gy2njnO4YX6Vdd8ca5q86MNYQSyMdvWKkLiQrT4cvCgIyTg+pNIwh5Sq+LJf+gzIXmeBnolE+RWDYOkbnndDZA==",
        "dependencies": {
          "Microsoft.OpenApi": "[3.10.0, 4.0.0)"
        }
      },
      "Microsoft.VisualStudio.Azure.Containers.Tools.Targets": {
        "type": "Direct",
        "requested": "[1.23.0, )",
        "resolved": "1.23.0",
        "contentHash": "2wDnb4umupJZ/1ikgWozFVpggH1mlHQFc0odXVv2ZagL3RYwXgW9zmC15fiqIBzmaC0vLZUnLGwDY+p8ZR7Syw=="
      },
      "Azure.Core": {
        "type": "Transitive",
        "resolved": "1.60.0",
        "contentHash": "qCa5DLAq0w14aTl9/bvMZNA/QxPzYj1a4zakrpeudxWd4D4YliRHRfccD3yFECeHkMkvQjMmyWLggb8bzhDVKA==",
        "dependencies": {
          "Microsoft.Bcl.AsyncInterfaces": "10.0.9",
          "Microsoft.Identity.Client": "4.84.2",
          "Microsoft.Identity.Client.Extensions.Msal": "4.84.2",
          "System.ClientModel": "1.14.0",
          "System.Memory.Data": "10.0.9"
        }
      },
      "Azure.Monitor.OpenTelemetry.Exporter": {
        "type": "Transitive",
        "resolved": "1.8.3",
        "contentHash": "hZ35hXxiRuJcT67u970iqqJ+z2ol3Sg23/m1wwNNh8uzK/48uB9iJ3va9PQ7gXn6kij6wzowUe5olPPfObkEug==",
        "dependencies": {
          "Azure.Core": "1.60.0",
          "OpenTelemetry.Extensions.Hosting": "1.15.3",
          "OpenTelemetry.PersistentStorage.FileSystem": "1.0.3"
        }
      },
      "Microsoft.Bcl.AsyncInterfaces": {
        "type": "Transitive",
        "resolved": "10.0.9",
        "contentHash": "Aq7M8lG6BrHeatqKqncVm9m55ec34k6nnfPRLe/PvGg+b/pAsRM2ejofeKmCLjTXMa+5NGXm382f8CG/D5WDow=="
      },
      "Microsoft.EntityFrameworkCore.Abstractions": {
        "type": "Transitive",
        "resolved": "11.0.0-rc.1.26425.128",
        "contentHash": "WFsX+C+h2e/BKr//Cv9c82+zPweVUQN/dWXJiW8KvXwhkpJXB5tj3E3vgDmjX0nHbVnrrnE9G7iJlMSf0l2VoQ=="
      },
      "Microsoft.EntityFrameworkCore.Analyzers": {
        "type": "Transitive",
        "resolved": "11.0.0-rc.1.26425.128",
        "contentHash": "EC8SOxAcKbRGToF7MpHr0zPZ2QSZ3mkHuqI+rxu3ITz19ctvep0dzaHPN3F/JQ1vVQBbMr7gN0a9KxMqDhRcoQ=="
      },
      "Microsoft.Identity.Client": {
        "type": "Transitive",
        "resolved": "4.84.2",
        "contentHash": "Va9FjmABSgj/lcUfHH0pBNQkmS7SNyepz2ERV7Yynp6QgEYpFdSqR6Vzy1WWipN8GS5pBHuXoZbqaDWuARCrHQ==",
        "dependencies": {
          "Microsoft.IdentityModel.Abstractions": "8.14.0"
        }
      },
      "Microsoft.Identity.Client.Extensions.Msal": {
        "type": "Transitive",
        "resolved": "4.84.2",
        "contentHash": "+D98LaU3dOu/Nzs6kgbBJapMvH7iwYcAeC99XwSkpmEadsPv6rozecOl9P6m4A3RfpOuPt9e6J6TwwUUp3+M4w==",
        "dependencies": {
          "Microsoft.Identity.Client": "4.84.2",
          "System.Security.Cryptography.ProtectedData": "4.5.0"
        }
      },
      "Microsoft.IdentityModel.Abstractions": {
        "type": "Transitive",
        "resolved": "8.14.0",
        "contentHash": "iwbCpSjD3ehfTwBhtSNEtKPK0ICun6ov7Ibx6ISNA9bfwIyzI2Siwyi9eJFCJBwxowK9xcA1mj+jBWiigeqgcQ=="
      },
      "Microsoft.OpenApi": {
        "type": "Transitive",
        "resolved": "3.10.0",
        "contentHash": "Iltx5vuQ+TWyuxsLNnLAaqm9RDdOtwWLgJtwH/XSKe/MkdpDQepqDi7it/4OM7JpLsHl1Ir65mm9vpAkbiNlow=="
      },
      "OpenTelemetry": {
        "type": "Transitive",
        "resolved": "1.15.3",
        "contentHash": "N0i6WjPoHPbZyms1ugbDIFAJFuGlpeExJMU/+XSL0lQRUkg/D0utFkDoLXf8Z1km5B+xVZ2GyMXXiX8qdeNmPg==",
        "dependencies": {
          "OpenTelemetry.Api.ProviderBuilderExtensions": "1.15.3"
        }
      },
      "OpenTelemetry.Api": {
        "type": "Transitive",
        "resolved": "1.15.3",
        "contentHash": "fX+fkCysfPut+qCcT3bKqyX4QN9Saf4CgX8HLOHywEVD+Xr7sULtfuypITpoDysjx8R59dn/3mWhgimMH8cm/g=="
      },
      "OpenTelemetry.Api.ProviderBuilderExtensions": {
        "type": "Transitive",
        "resolved": "1.15.3",
        "contentHash": "SYn0lqYDwLMWhv/zlNGsQcl2yX++yTumanX46bmOZE/ZDOd1WjPBO2kZaZgKLEZTZk48pavIFGJ6vOvxXgWVFQ==",
        "dependencies": {
          "OpenTelemetry.Api": "1.15.3"
        }
      },
      "OpenTelemetry.Extensions.Hosting": {
        "type": "Transitive",
        "resolved": "1.15.3",
        "contentHash": "u8n/W8yIlqv0BXZmvId1iVaeWXG42tGKdTkuLYg5g57Y/r9CeUNzqtrSHNdG5IoO8iPX79w3v+WsbAHgUQbfeg==",
        "dependencies": {
          "OpenTelemetry": "1.15.3"
        }
      },
      "OpenTelemetry.Instrumentation.AspNetCore": {
        "type": "Transitive",
        "resolved": "1.15.2",
        "contentHash": "2nPd7r0ug/gd6/CNFL6Rlu+RSQ9WYGSGHAYQ1ssbSqyzKJpqTunfx2I/1O0WB5k+L0cyXbG4XVZpoSoUc3M7wg==",
        "dependencies": {
          "OpenTelemetry.Api.ProviderBuilderExtensions": "[1.15.3, 2.0.0)"
        }
      },
      "OpenTelemetry.Instrumentation.Http": {
        "type": "Transitive",
        "resolved": "1.15.1",
        "contentHash": "vFO4Fj/dXkoVNGo/nhoGpO2zYQmZwr4jTID7oRGo+XlQ8LqksyZjUXQ4p39RfUvTID7IzzL8Qe71tW7CcAFymA==",
        "dependencies": {
          "OpenTelemetry.Api.ProviderBuilderExtensions": "[1.15.3, 2.0.0)"
        }
      },
      "OpenTelemetry.PersistentStorage.Abstractions": {
        "type": "Transitive",
        "resolved": "1.0.3",
        "contentHash": "7nSE1uLY0KOHRssg1xQydDZJ/s9zECOzFT/gSDIp1KTxbgd1yziuMTsdBKZ/N1BbpUxfH6Pjq5OMd7lYogwReA=="
      },
      "OpenTelemetry.PersistentStorage.FileSystem": {
        "type": "Transitive",
        "resolved": "1.0.3",
        "contentHash": "3k+yCroJcGBtZIia+0LgzMlBuD0U95BzcWNEGWedusBaRAD8EmkaCPAUwaCtFbb/Mg7HywbIG2zuenANPYFJ0g==",
        "dependencies": {
          "OpenTelemetry.PersistentStorage.Abstractions": "1.0.3"
        }
      },
      "System.ClientModel": {
        "type": "Transitive",
        "resolved": "1.14.0",
        "contentHash": "yhIJHDW3Hh5kcvhHv3ww1T8qvya06Nlwo/SR/rke4/fHXtyKiqQV/9b/VDhnVI7QUcMnpfvh4pIEFhNsTDLeKQ==",
        "dependencies": {
          "System.Memory.Data": "10.0.3"
        }
      },
      "System.Memory.Data": {
        "type": "Transitive",
        "resolved": "10.0.9",
        "contentHash": "YweovHiLUoEdbr2Xv8eRqCSkTu1vMms4a6xBHaQiMSFVy32PL+hXv6Vhol2NWOmLHjaVgTyhJ3R52U6JxS6w3Q=="
      },
      "System.Security.Cryptography.ProtectedData": {
        "type": "Transitive",
        "resolved": "4.5.0",
        "contentHash": "wLBKzFnDCxP12VL9ANydSYhk59fC4cvOr9ypYQLPnAj48NQIhqnjdD2yhP8yEKyBJEjERWS9DisKL7rX5eU25Q=="
      },
      "aberatech.fitness": {
        "type": "Project",
        "dependencies": {
          "Garmin.FIT.Sdk": "[21.217.0, )",
          "Microsoft.EntityFrameworkCore": "[11.0.0-rc.1.26425.128, )",
          "Microsoft.EntityFrameworkCore.Relational": "[11.0.0-rc.1.26425.128, )",
          "NodaTime": "[3.3.4, )",
          "Npgsql.EntityFrameworkCore.PostgreSQL": "[11.0.0-rc.1.1, )",
          "Npgsql.EntityFrameworkCore.PostgreSQL.NodaTime": "[11.0.0-rc.1.1, )",
          "aberaTech.Postgres": "[1.0.0, )"
        }
      },
      "aberatech.postgres": {
        "type": "Project",
        "dependencies": {
          "Azure.Identity": "[1.21.0, )",
          "NodaTime": "[3.3.4, )",
          "Npgsql": "[10.0.3, )",
          "Npgsql.NodaTime": "[10.0.3, )"
        }
      },
      "aberatech.scheduling": {
        "type": "Project",
        "dependencies": {
          "Ical.Net": "[5.2.3, )",
          "Microsoft.AspNetCore.Authentication.Google": "[11.0.0-rc.1.26425.128, )",
          "Microsoft.AspNetCore.DataProtection.EntityFrameworkCore": "[11.0.0-rc.1.26425.128, )",
          "Microsoft.EntityFrameworkCore": "[11.0.0-rc.1.26425.128, )",
          "Microsoft.EntityFrameworkCore.Relational": "[11.0.0-rc.1.26425.128, )",
          "NodaTime": "[3.3.4, )",
          "Npgsql.EntityFrameworkCore.PostgreSQL": "[11.0.0-rc.1.1, )",
          "Npgsql.EntityFrameworkCore.PostgreSQL.NodaTime": "[11.0.0-rc.1.1, )",
          "aberaTech.Postgres": "[1.0.0, )"
        }
      },
      "Azure.Identity": {
        "type": "CentralTransitive",
        "requested": "[1.21.0, )",
        "resolved": "1.21.0",
        "contentHash": "GeFv8sGwRKvDKwI2WFy8r0mhmlxEVZg24Sit2NogTjiSO8RVjllWM65OT6e1sKjOvG8V74y7hAbaELUUPjZQSw==",
        "dependencies": {
          "Azure.Core": "1.53.0"
        }
      },
      "Garmin.FIT.Sdk": {
        "type": "CentralTransitive",
        "requested": "[21.217.0, )",
        "resolved": "21.217.0",
        "contentHash": "NyHuYBFmASgAZtXOS+SDbNkNFB46NVNDHlcYULpeIxQzxqOsP04EiXsW5gnC6naMcYr/g1wZEdX0vOuouXQgeg=="
      },
      "Ical.Net": {
        "type": "CentralTransitive",
        "requested": "[5.2.3, )",
        "resolved": "5.2.3",
        "contentHash": "zROvmrRPKqND0e0Bt/wSY+d8iYtL4+sP9mORyjT/ySBiIDfik4iovTjS+L9PFg+zoXfkJ5eBTHK2lX9c7lganw==",
        "dependencies": {
          "NodaTime": "3.2.2"
        }
      },
      "Microsoft.AspNetCore.Authentication.Google": {
        "type": "CentralTransitive",
        "requested": "[11.0.0-rc.1.26425.128, )",
        "resolved": "11.0.0-rc.1.26425.128",
        "contentHash": "IVw+sG8uEpMbQnkDu8/pW0ObZGh5RKCktO3mlNkjBrD9fZmD7hoRAsMXT7d6+Ng/JbPTAhcLvFONlWLBcqn7TQ=="
      },
      "Microsoft.AspNetCore.DataProtection.EntityFrameworkCore": {
        "type": "CentralTransitive",
        "requested": "[11.0.0-rc.1.26425.128, )",
        "resolved": "11.0.0-rc.1.26425.128",
        "contentHash": "Qpwel+rjsqVvfS1axriixJFbHz02eGbx3FFnKZQeG8ECtqpBr+og7Ua+moUqisMpJXMqA6wbnjQid7jxDcxj0Q==",
        "dependencies": {
          "Microsoft.EntityFrameworkCore": "11.0.0-rc.1.26425.128"
        }
      },
      "Microsoft.EntityFrameworkCore": {
        "type": "CentralTransitive",
        "requested": "[11.0.0-rc.1.26425.128, )",
        "resolved": "11.0.0-rc.1.26425.128",
        "contentHash": "nichlvtvebHy90cJoHQjTr6TvWhdxbUxK1mQac/6NJcVMz/HYRQF0ihJ1ZkE/JeKr2ys3jDjl1IdNhHiWpQ/HQ==",
        "dependencies": {
          "Microsoft.EntityFrameworkCore.Abstractions": "[11.0.0-rc.1.26425.128, 12.0.0-a)",
          "Microsoft.EntityFrameworkCore.Analyzers": "[11.0.0-rc.1.26425.128, 12.0.0-a)"
        }
      },
      "Microsoft.EntityFrameworkCore.Relational": {
        "type": "CentralTransitive",
        "requested": "[11.0.0-rc.1.26425.128, )",
        "resolved": "11.0.0-rc.1.26425.128",
        "contentHash": "JOxKBGYUg8aj/flaHdvhkqsRO5iKKiROMjVt+25BzVvSzMb/y1SnuvlGnsDFjtTI9qlZ0+TLsmNe1WDKxBkUMw==",
        "dependencies": {
          "Microsoft.EntityFrameworkCore": "[11.0.0-rc.1.26425.128, 12.0.0-a)"
        }
      },
      "NodaTime": {
        "type": "CentralTransitive",
        "requested": "[3.3.4, )",
        "resolved": "3.3.4",
        "contentHash": "iLaEeOFjWHVibXmHa8WOMTkZdxvzTH6b7qNYts7cBmSfttCDenguHvEJsuAQGBDPV4LSA+7c0nyt4A0AR6z6zQ=="
      },
      "Npgsql": {
        "type": "CentralTransitive",
        "requested": "[10.0.3, )",
        "resolved": "10.0.3",
        "contentHash": "7nb5YzXuvWWJxB0J8DiyL3we+X4FOctZrt0fIBnucOIaIevFEEwGQVZKtiu9olXdlNAK1eNgqSral6r/jlhI4w=="
      },
      "Npgsql.EntityFrameworkCore.PostgreSQL": {
        "type": "CentralTransitive",
        "requested": "[11.0.0-rc.1.1, )",
        "resolved": "11.0.0-rc.1.1",
        "contentHash": "uBtHFXI04DrFlRXJjDRr44kAJMdetNCIOjDDbNRKBvrPuIQ7TtVLUHzt5RdGTbXQ0++6Tk9101g0858imFQWHA==",
        "dependencies": {
          "Microsoft.EntityFrameworkCore": "[11.0.0-rc.1.26425.128]",
          "Microsoft.EntityFrameworkCore.Relational": "[11.0.0-rc.1.26425.128]",
          "Npgsql": "10.0.3"
        }
      },
      "Npgsql.EntityFrameworkCore.PostgreSQL.NodaTime": {
        "type": "CentralTransitive",
        "requested": "[11.0.0-rc.1.1, )",
        "resolved": "11.0.0-rc.1.1",
        "contentHash": "Kjb2U/yFw7QubzVpUweXW9dnh3JwnkF19GTp9O/LuENztvkvbQDVL6IR+Lq/J/eKUbZdkLBi6fghtRlN27tmsA==",
        "dependencies": {
          "Npgsql.EntityFrameworkCore.PostgreSQL": "11.0.0-rc.1.1",
          "Npgsql.NodaTime": "10.0.3"
        }
      },
      "Npgsql.NodaTime": {
        "type": "CentralTransitive",
        "requested": "[10.0.3, )",
        "resolved": "10.0.3",
        "contentHash": "6ba1CM/zAoI7bTuBV7cFhTR3qqUsY5FqqqNoOh7dHoFHcyEEpIsMui3mC3Swyc+oyAJG0Zf8DCiXPnAf+sW09A==",
        "dependencies": {
          "NodaTime": "3.2.2",
          "Npgsql": "10.0.3"
        }
      }
    },
    "net11.0/linux-arm64": {
      "System.Security.Cryptography.ProtectedData": {
        "type": "Transitive",
        "resolved": "4.5.0",
        "contentHash": "wLBKzFnDCxP12VL9ANydSYhk59fC4cvOr9ypYQLPnAj48NQIhqnjdD2yhP8yEKyBJEjERWS9DisKL7rX5eU25Q=="
      }
    },
    "net11.0/linux-x64": {
      "System.Security.Cryptography.ProtectedData": {
        "type": "Transitive",
        "resolved": "4.5.0",
        "contentHash": "wLBKzFnDCxP12VL9ANydSYhk59fC4cvOr9ypYQLPnAj48NQIhqnjdD2yhP8yEKyBJEjERWS9DisKL7rX5eU25Q=="
      }
    }
  }
}